
Microsoft Visual Studio Solution File, Format Version 12.00
# Visual Studio 15
VisualStudioVersion = 15.0.28307.1972
MinimumVisualStudioVersion = 10.0.40219.1
Project("{FAE04EC0-301F-11D3-BF4B-00C04F79EFBC}") = "Fi.Site", "Fi.Site\Fi.Site.csproj", "{7111EF83-B905-4318-A173-B891D0048A8D}"
EndProject
Project("{2150E333-8FDC-42A3-9474-1A3956D46DE8}") = "Client", "Client", "{39B1DB6A-537E-4C3F-BBA5-26DA5C8D3154}"
EndProject
Project("{2150E333-8FDC-42A3-9474-1A3956D46DE8}") = "Util", "Util", "{3934A025-8C5C-4A4C-8969-C413D9934697}"
EndProject
Project("{2150E333-8FDC-42A3-9474-1A3956D46DE8}") = "Bill", "Bill", "{7AF8AE5D-F54C-4AC2-9BF0-211A5E13E043}"
EndProject
Project("{2150E333-8FDC-42A3-9474-1A3956D46DE8}") = "Server", "Server", "{18B822B3-B8A5-485B-881F-D7E5ED6A40F0}"
EndProject
Project("{2150E333-8FDC-42A3-9474-1A3956D46DE8}") = "DLL", "DLL", "{4DFE5723-5680-4F36-8919-B96554852515}"
EndProject
Project("{FAE04EC0-301F-11D3-BF4B-00C04F79EFBC}") = "Fi.Business", "Fi.Business\Fi.Business.csproj", "{844D2389-9074-405A-B5A9-F7D132C54605}"
EndProject
Global
	GlobalSection(SolutionConfigurationPlatforms) = preSolution
		Debug|Any CPU = Debug|Any CPU
		Release|Any CPU = Release|Any CPU
	EndGlobalSection
	GlobalSection(ProjectConfigurationPlatforms) = postSolution
		{7111EF83-B905-4318-A173-B891D0048A8D}.Debug|Any CPU.ActiveCfg = Debug|Any CPU
		{7111EF83-B905-4318-A173-B891D0048A8D}.Debug|Any CPU.Build.0 = Debug|Any CPU
		{7111EF83-B905-4318-A173-B891D0048A8D}.Release|Any CPU.ActiveCfg = Release|Any CPU
		{7111EF83-B905-4318-A173-B891D0048A8D}.Release|Any CPU.Build.0 = Release|Any CPU
		{844D2389-9074-405A-B5A9-F7D132C54605}.Debug|Any CPU.ActiveCfg = Debug|Any CPU
		{844D2389-9074-405A-B5A9-F7D132C54605}.Debug|Any CPU.Build.0 = Debug|Any CPU
		{844D2389-9074-405A-B5A9-F7D132C54605}.Release|Any CPU.ActiveCfg = Release|Any CPU
		{844D2389-9074-405A-B5A9-F7D132C54605}.Release|Any CPU.Build.0 = Release|Any CPU
	EndGlobalSection
	GlobalSection(SolutionProperties) = preSolution
		HideSolutionNode = FALSE
	EndGlobalSection
	GlobalSection(NestedProjects) = preSolution
		{7111EF83-B905-4318-A173-B891D0048A8D} = {39B1DB6A-537E-4C3F-BBA5-26DA5C8D3154}
		{844D2389-9074-405A-B5A9-F7D132C54605} = {7AF8AE5D-F54C-4AC2-9BF0-211A5E13E043}
	EndGlobalSection
	GlobalSection(ExtensibilityGlobals) = postSolution
		SolutionGuid = {7E2789AB-6724-43DF-A453-6E5B9F49474B}
	EndGlobalSection
EndGlobal
